
Microsoft Visual Studio Solution File, Format Version 12.00
# Visual Studio Version 17
VisualStudioVersion = 17.11.35312.102
MinimumVisualStudioVersion = 10.0.40219.1
Project("{FAE04EC0-301F-11D3-BF4B-00C04F79EFBC}") = "OrdersApi", "OrdersApi\OrdersApi.csproj", "{030C2FA5-55C3-4245-8540-93BC896E4A81}"
EndProject
Global
	GlobalSection(SolutionConfigurationPlatforms) = preSolution
		Debug|Any CPU = Debug|Any CPU
		Release|Any CPU = Release|Any CPU
	EndGlobalSection
	GlobalSection(ProjectConfigurationPlatforms) = postSolution
		{030C2FA5-55C3-4245-8540-93BC896E4A81}.Debug|Any CPU.ActiveCfg = Debug|Any CPU
		{030C2FA5-55C3-4245-8540-93BC896E4A81}.Debug|Any CPU.Build.0 = Debug|Any CPU
		{030C2FA5-55C3-4245-8540-93BC896E4A81}.Release|Any CPU.ActiveCfg = Release|Any CPU
		{030C2FA5-55C3-4245-8540-93BC896E4A81}.Release|Any CPU.Build.0 = Release|Any CPU
	EndGlobalSection
	GlobalSection(SolutionProperties) = preSolution
		HideSolutionNode = FALSE
	EndGlobalSection
	GlobalSection(ExtensibilityGlobals) = postSolution
		SolutionGuid = {CAE3008C-8871-4DE9-9319-8B8F5AA11CDC}
	EndGlobalSection
EndGlobal
